// !$*UTF8*$!
{
	archiveVersion = 1;
	classes = {
	};
	objectVersion = 46;
	objects = {

/* Begin PBXBuildFile section */
		781DFC4A515929416CA9318C /* Pods_CustomCrashHandler.framework in Frameworks */ = {isa = PBXBuildFile; fileRef = 07E3EB0135BBCA8D7E7059A2 /* Pods_CustomCrashHandler.framework */; };
		BB5E6E3A1E74DBE800F42E88 /* AppDelegate.swift in Sources */ = {isa = PBXBuildFile; fileRef = BB5E6E391E74DBE800F42E88 /* AppDelegate.swift */; };
		BB5E6E3C1E74DBE800F42E88 /* ViewController.swift in Sources */ = {isa = PBXBuildFile; fileRef = BB5E6E3B1E74DBE800F42E88 /* ViewController.swift */; };
		BB5E6E3F1E74DBE800F42E88 /* Main.storyboard in Resources */ = {isa = PBXBuildFile; fileRef = BB5E6E3D1E74DBE800F42E88 /* Main.storyboard */; };
		BB5E6E411E74DBE800F42E88 /* Assets.xcassets in Resources */ = {isa = PBXBuildFile; fileRef = BB5E6E401E74DBE800F42E88 /* Assets.xcassets */; };
		BB5E6E441E74DBE800F42E88 /* LaunchScreen.storyboard in Resources */ = {isa = PBXBuildFile; fileRef = BB5E6E421E74DBE800F42E88 /* LaunchScreen.storyboard */; };
/* End PBXBuildFile section */

/* Begin PBXFileReference section */
		07E3EB0135BBCA8D7E7059A2 /* Pods_CustomCrashHandler.framework */ = {isa = PBXFileReference; explicitFileType = wrapper.framework; includeInIndex = 0; path = Pods_CustomCrashHandler.framework; sourceTree = BUILT_PRODUCTS_DIR; };
		440D63471C00255FD9CB9707 /* Pods-CustomCrashHandler.debug.xcconfig */ = {isa = PBXFileReference; includeInIndex = 1; lastKnownFileType = text.xcconfig; name = "Pods-CustomCrashHandler.debug.xcconfig"; path = "Pods/Target Support Files/Pods-CustomCrashHandler/Pods-CustomCrashHandler.debug.xcconfig"; sourceTree = "<group>"; };
		4A54718304487FE574CA96EF /* Pods-CustomCrashHandler.release.xcconfig */ = {isa = PBXFileReference; includeInIndex = 1; lastKnownFileType = text.xcconfig; name = "Pods-CustomCrashHandler.release.xcconfig"; path = "Pods/Target Support Files/Pods-CustomCrashHandler/Pods-CustomCrashHandler.release.xcconfig"; sourceTree = "<group>"; };
		BB5E6E361E74DBE800F42E88 /* CustomCrashHandler.app */ = {isa = PBXFileReference; explicitFileType = wrapper.application; includeInIndex = 0; path = CustomCrashHandler.app; sourceTree = BUILT_PRODUCTS_DIR; };
		BB5E6E391E74DBE800F42E88 /* AppDelegate.swift */ = {isa = PBXFileReference; lastKnownFileType = sourcecode.swift; path = AppDelegate.swift; sourceTree = "<group>"; };
		BB5E6E3B1E74DBE800F42E88 /* ViewController.swift */ = {isa = PBXFileReference; lastKnownFileType = sourcecode.swift; path = ViewController.swift; sourceTree = "<group>"; };
		BB5E6E3E1E74DBE800F42E88 /* Base */ = {isa = PBXFileReference; lastKnownFileType = file.storyboard; name = Base; path = Base.lproj/Main.storyboard; sourceTree = "<group>"; };
		BB5E6E401E74DBE800F42E88 /* Assets.xcassets */ = {isa = PBXFileReference; lastKnownFileType = folder.assetcatalog; path = Assets.xcassets; sourceTree = "<group>"; };
		BB5E6E431E74DBE800F42E88 /* Base */ = {isa = PBXFileReference; lastKnownFileType = file.storyboard; name = Base; path = Base.lproj/LaunchScreen.storyboard; sourceTree = "<group>"; };
		BB5E6E451E74DBE800F42E88 /* Info.plist */ = {isa = PBXFileReference; lastKnownFileType = text.plist.xml; path = Info.plist; sourceTree = "<group>"; };
/* End PBXFileReference section */

/* Begin PBXFrameworksBuildPhase section */
		BB5E6E331E74DBE800F42E88 /* Frameworks */ = {
			isa = PBXFrameworksBuildPhase;
			buildActionMask = 2147483647;
			files = (
				781DFC4A515929416CA9318C /* Pods_CustomCrashHandler.framework in Frameworks */,
			);
			runOnlyForDeploymentPostprocessing = 0;
		};
/* End PBXFrameworksBuildPhase section */

/* Begin PBXGroup section */
		098E4AECDCB47DEC25D370C7 /* Pods */ = {
			isa = PBXGroup;
			children = (
				440D63471C00255FD9CB9707 /* Pods-CustomCrashHandler.debug.xcconfig */,
				4A54718304487FE574CA96EF /* Pods-CustomCrashHandler.release.xcconfig */,
			);
			name = Pods;
			sourceTree = "<group>";
		};
		BB5E6E2D1E74DBE800F42E88 = {
			isa = PBXGroup;
			children = (
				BB5E6E381E74DBE800F42E88 /* CustomCrashHandler */,
				BB5E6E371E74DBE800F42E88 /* Products */,
				098E4AECDCB47DEC25D370C7 /* Pods */,
				F3F9E9A870E622DDDE388401 /* Frameworks */,
			);
			sourceTree = "<group>";
		};
		BB5E6E371E74DBE800F42E88 /* Products */ = {
			isa = PBXGroup;
			children = (
				BB5E6E361E74DBE800F42E88 /* CustomCrashHandler.app */,
			);
			name = Products;
			sourceTree = "<group>";
		};
		BB5E6E381E74DBE800F42E88 /* CustomCrashHandler */ = {
			isa = PBXGroup;
			children = (
				BB5E6E391E74DBE800F42E88 /* AppDelegate.swift */,
				BB5E6E3B1E74DBE800F42E88 /* ViewController.swift */,
				BB5E6E3D1E74DBE800F42E88 /* Main.storyboard */,
				BB5E6E401E74DBE800F42E88 /* Assets.xcassets */,
				BB5E6E421E74DBE800F42E88 /* LaunchScreen.storyboard */,
				BB5E6E451E74DBE800F42E88 /* Info.plist */,
			);
			path = CustomCrashHandler;
			sourceTree = "<group>";
		};
		F3F9E9A870E622DDDE388401 /* Frameworks */ = {
			isa = PBXGroup;
			children = (
				07E3EB0135BBCA8D7E7059A2 /* Pods_CustomCrashHandler.framework */,
			);
			name = Frameworks;
			sourceTree = "<group>";
		};
/* End PBXGroup section */

/* Begin PBXNativeTarget section */
		BB5E6E351E74DBE800F42E88 /* CustomCrashHandler */ = {
			isa = PBXNativeTarget;
			buildConfigurationList = BB5E6E481E74DBE800F42E88 /* Build configuration list for PBXNativeTarget "CustomCrashHandler" */;
			buildPhases = (
				3C93598430E9289B510BD459 /* [CP] Check Pods Manifest.lock */,
				BB5E6E321E74DBE800F42E88 /* Sources */,
				BB5E6E331E74DBE800F42E88 /* Frameworks */,
				BB5E6E341E74DBE800F42E88 /* Resources */,
				AFCA1873210892872224FD54 /* [CP] Embed Pods Frameworks */,
				C68DFBA0A716F3B774149990 /* [CP] Copy Pods Resources */,
			);
			buildRules = (
			);
			dependencies = (
			);
			name = CustomCrashHandler;
			productName = CustomCrashHandler;
			productReference = BB5E6E361E74DBE800F42E88 /* CustomCrashHandler.app */;
			productType = "com.apple.product-type.application";
		};
/* End PBXNativeTarget section */

/* Begin PBXProject section */
		BB5E6E2E1E74DBE800F42E88 /* Project object */ = {
			isa = PBXProject;
			attributes = {
				LastSwiftUpdateCheck = 0820;
				LastUpgradeCheck = 0820;
				ORGANIZATIONNAME = "Fourplex Labs";
				TargetAttributes = {
					BB5E6E351E74DBE800F42E88 = {
						CreatedOnToolsVersion = 8.2.1;
						DevelopmentTeam = FH9QG7ZJR9;
						ProvisioningStyle = Automatic;
					};
				};
			};
			buildConfigurationList = BB5E6E311E74DBE800F42E88 /* Build configuration list for PBXProject "CustomCrashHandler" */;
			compatibilityVersion = "Xcode 3.2";
			developmentRegion = English;
			hasScannedForEncodings = 0;
			knownRegions = (
				en,
				Base,
			);
			mainGroup = BB5E6E2D1E74DBE800F42E88;
			productRefGroup = BB5E6E371E74DBE800F42E88 /* Products */;
			projectDirPath = "";
			projectRoot = "";
			targets = (
				BB5E6E351E74DBE800F42E88 /* CustomCrashHandler */,
			);
		};
/* End PBXProject section */

/* Begin PBXResourcesBuildPhase section */
		BB5E6E341E74DBE800F42E88 /* Resources */ = {
			isa = PBXResourcesBuildPhase;
			buildActionMask = 2147483647;
			files = (
				BB5E6E441E74DBE800F42E88 /* LaunchScreen.storyboard in Resources */,
				BB5E6E411E74DBE800F42E88 /* Assets.xcassets in Resources */,
				BB5E6E3F1E74DBE800F42E88 /* Main.storyboard in Resources */,
			);
			runOnlyForDeploymentPostprocessing = 0;
		};
/* End PBXResourcesBuildPhase section */

/* Begin PBXShellScriptBuildPhase section */
		3C93598430E9289B510BD459 /* [CP] Check Pods Manifest.lock */ = {
			isa = PBXShellScriptBuildPhase;
			buildActionMask = 2147483647;
			files = (
			);
			inputPaths = (
			);
			name = "[CP] Check Pods Manifest.lock";
			outputPaths = (
			);
			runOnlyForDeploymentPostprocessing = 0;
			shellPath = /bin/sh;
			shellScript = "diff \"${PODS_ROOT}/../Podfile.lock\" \"${PODS_ROOT}/Manifest.lock\" > /dev/null\nif [ $? != 0 ] ; then\n    # print error to STDERR\n    echo \"error: The sandbox is not in sync with the Podfile.lock. Run 'pod install' or update your CocoaPods installation.\" >&2\n    exit 1\nfi\n";
			showEnvVarsInLog = 0;
		};
		AFCA1873210892872224FD54 /* [CP] Embed Pods Frameworks */ = {
			isa = PBXShellScriptBuildPhase;
			buildActionMask = 2147483647;
			files = (
			);
			inputPaths = (
			);
			name = "[CP] Embed Pods Frameworks";
			outputPaths = (
			);
			runOnlyForDeploymentPostprocessing = 0;
			shellPath = /bin/sh;
			shellScript = "\"${SRCROOT}/Pods/Target Support Files/Pods-CustomCrashHandler/Pods-CustomCrashHandler-frameworks.sh\"\n";
			showEnvVarsInLog = 0;
		};
		C68DFBA0A716F3B774149990 /* [CP] Copy Pods Resources */ = {
			isa = PBXShellScriptBuildPhase;
			buildActionMask = 2147483647;
			files = (
			);
			inputPaths = (
			);
			name = "[CP] Copy Pods Resources";
			outputPaths = (
			);
			runOnlyForDeploymentPostprocessing = 0;
			shellPath = /bin/sh;
			shellScript = "\"${SRCROOT}/Pods/Target Support Files/Pods-CustomCrashHandler/Pods-CustomCrashHandler-resources.sh\"\n";
			showEnvVarsInLog = 0;
		};
/* End PBXShellScriptBuildPhase section */

/* Begin PBXSourcesBuildPhase section */
		BB5E6E321E74DBE800F42E88 /* Sources */ = {
			isa = PBXSourcesBuildPhase;
			buildActionMask = 2147483647;
			files = (
				BB5E6E3C1E74DBE800F42E88 /* ViewController.swift in Sources */,
				BB5E6E3A1E74DBE800F42E88 /* AppDelegate.swift in Sources */,
			);
			runOnlyForDeploymentPostprocessing = 0;
		};
/* End PBXSourcesBuildPhase section */

/* Begin PBXVariantGroup section */
		BB5E6E3D1E74DBE800F42E88 /* Main.storyboard */ = {
			isa = PBXVariantGroup;
			children = (
				BB5E6E3E1E74DBE800F42E88 /* Base */,
			);
			name = Main.storyboard;
			sourceTree = "<group>";
		};
		BB5E6E421E74DBE800F42E88 /* LaunchScreen.storyboard */ = {
			isa = PBXVariantGroup;
			children = (
				BB5E6E431E74DBE800F42E88 /* Base */,
			);
			name = LaunchScreen.storyboard;
			sourceTree = "<group>";
		};
/* End PBXVariantGroup section */

/* Begin XCBuildConfiguration section */
		BB5E6E461E74DBE800F42E88 /* Debug */ = {
			isa = XCBuildConfiguration;
			buildSettings = {
				ALWAYS_SEARCH_USER_PATHS = NO;
				CLANG_ANALYZER_NONNULL = YES;
				CLANG_CXX_LANGUAGE_STANDARD = "gnu++0x";
				CLANG_CXX_LIBRARY = "libc++";
				CLANG_ENABLE_MODULES = YES;
				CLANG_ENABLE_OBJC_ARC = YES;
				CLANG_WARN_BOOL_CONVERSION = YES;
				CLANG_WARN_CONSTANT_CONVERSION = YES;
				CLANG_WARN_DIRECT_OBJC_ISA_USAGE = YES_ERROR;
				CLANG_WARN_DOCUMENTATION_COMMENTS = YES;
				CLANG_WARN_EMPTY_BODY = YES;
				CLANG_WARN_ENUM_CONVERSION = YES;
				CLANG_WARN_INFINITE_RECURSION = YES;
				CLANG_WARN_INT_CONVERSION = YES;
				CLANG_WARN_OBJC_ROOT_CLASS = YES_ERROR;
				CLANG_WARN_SUSPICIOUS_MOVE = YES;
				CLANG_WARN_UNREACHABLE_CODE = YES;
				CLANG_WARN__DUPLICATE_METHOD_MATCH = YES;
				"CODE_SIGN_IDENTITY[sdk=iphoneos*]" = "iPhone Developer";
				COPY_PHASE_STRIP = NO;
				DEBUG_INFORMATION_FORMAT = dwarf;
				ENABLE_STRICT_OBJC_MSGSEND = YES;
				ENABLE_TESTABILITY = YES;
				GCC_C_LANGUAGE_STANDARD = gnu99;
				GCC_DYNAMIC_NO_PIC = NO;
				GCC_NO_COMMON_BLOCKS = YES;
				GCC_OPTIMIZATION_LEVEL = 0;
				GCC_PREPROCESSOR_DEFINITIONS = (
					"DEBUG=1",
					"$(inherited)",
				);
				GCC_WARN_64_TO_32_BIT_CONVERSION = YES;
				GCC_WARN_ABOUT_RETURN_TYPE = YES_ERROR;
				GCC_WARN_UNDECLARED_SELECTOR = YES;
				GCC_WARN_UNINITIALIZED_AUTOS = YES_AGGRESSIVE;
				GCC_WARN_UNUSED_FUNCTION = YES;
				GCC_WARN_UNUSED_VARIABLE = YES;
				IPHONEOS_DEPLOYMENT_TARGET = 10.2;
				MTL_ENABLE_DEBUG_INFO = YES;
				ONLY_ACTIVE_ARCH = YES;
				SDKROOT = iphoneos;
				SWIFT_ACTIVE_COMPILATION_CONDITIONS = DEBUG;
				SWIFT_OPTIMIZATION_LEVEL = "-Onone";
				TARGETED_DEVICE_FAMILY = "1,2";
			};
			name = Debug;
		};
		BB5E6E471E74DBE800F42E88 /* Release */ = {
			isa = XCBuildConfiguration;
			buildSettings = {
				ALWAYS_SEARCH_USER_PATHS = NO;
				CLANG_ANALYZER_NONNULL = YES;
				CLANG_CXX_LANGUAGE_STANDARD = "gnu++0x";
				CLANG_CXX_LIBRARY = "libc++";
				CLANG_ENABLE_MODULES = YES;
				CLANG_ENABLE_OBJC_ARC = YES;
				CLANG_WARN_BOOL_CONVERSION = YES;
				CLANG_WARN_CONSTANT_CONVERSION = YES;
				CLANG_WARN_DIRECT_OBJC_ISA_USAGE = YES_ERROR;
				CLANG_WARN_DOCUMENTATION_COMMENTS = YES;
				CLANG_WARN_EMPTY_BODY = YES;
				CLANG_WARN_ENUM_CONVERSION = YES;
				CLANG_WARN_INFINITE_RECURSION = YES;
				CLANG_WARN_INT_CONVERSION = YES;
				CLANG_WARN_OBJC_ROOT_CLASS = YES_ERROR;
				CLANG_WARN_SUSPICIOUS_MOVE = YES;
				CLANG_WARN_UNREACHABLE_CODE = YES;
				CLANG_WARN__DUPLICATE_METHOD_MATCH = YES;
				"CODE_SIGN_IDENTITY[sdk=iphoneos*]" = "iPhone Developer";
				COPY_PHASE_STRIP = NO;
				DEBUG_INFORMATION_FORMAT = "dwarf-with-dsym";
				ENABLE_NS_ASSERTIONS = NO;
				ENABLE_STRICT_OBJC_MSGSEND = YES;
				GCC_C_LANGUAGE_STANDARD = gnu99;
				GCC_NO_COMMON_BLOCKS = YES;
				GCC_WARN_64_TO_32_BIT_CONVERSION = YES;
				GCC_WARN_ABOUT_RETURN_TYPE = YES_ERROR;
				GCC_WARN_UNDECLARED_SELECTOR = YES;
				GCC_WARN_UNINITIALIZED_AUTOS = YES_AGGRESSIVE;
				GCC_WARN_UNUSED_FUNCTION = YES;
				GCC_WARN_UNUSED_VARIABLE = YES;
				IPHONEOS_DEPLOYMENT_TARGET = 10.2;
				MTL_ENABLE_DEBUG_INFO = NO;
				SDKROOT = iphoneos;
				SWIFT_OPTIMIZATION_LEVEL = "-Owholemodule";
				TARGETED_DEVICE_FAMILY = "1,2";
				VALIDATE_PRODUCT = YES;
			};
			name = Release;
		};
		BB5E6E491E74DBE800F42E88 /* Debug */ = {
			isa = XCBuildConfiguration;
			baseConfigurationReference = 440D63471C00255FD9CB9707 /* Pods-CustomCrashHandler.debug.xcconfig */;
			buildSettings = {
				ASSETCATALOG_COMPILER_APPICON_NAME = AppIcon;
				DEVELOPMENT_TEAM = FH9QG7ZJR9;
				INFOPLIST_FILE = CustomCrashHandler/Info.plist;
				LD_RUNPATH_SEARCH_PATHS = "$(inherited) @executable_path/Frameworks";
				PRODUCT_BUNDLE_IDENTIFIER = in.fourplex.CustomCrashHandler;
				PRODUCT_NAME = "$(TARGET_NAME)";
				SWIFT_VERSION = 3.0;
			};
			name = Debug;
		};
		BB5E6E4A1E74DBE800F42E88 /* Release */ = {
			isa = XCBuildConfiguration;
			baseConfigurationReference = 4A54718304487FE574CA96EF /* Pods-CustomCrashHandler.release.xcconfig */;
			buildSettings = {
				ASSETCATALOG_COMPILER_APPICON_NAME = AppIcon;
				DEVELOPMENT_TEAM = FH9QG7ZJR9;
				INFOPLIST_FILE = CustomCrashHandler/Info.plist;
				LD_RUNPATH_SEARCH_PATHS = "$(inherited) @executable_path/Frameworks";
				PRODUCT_BUNDLE_IDENTIFIER = in.fourplex.CustomCrashHandler;
				PRODUCT_NAME = "$(TARGET_NAME)";
				SWIFT_VERSION = 3.0;
			};
			name = Release;
		};
/* End XCBuildConfiguration section */

/* Begin XCConfigurationList section */
		BB5E6E311E74DBE800F42E88 /* Build configuration list for PBXProject "CustomCrashHandler" */ = {
			isa = XCConfigurationList;
			buildConfigurations = (
				BB5E6E461E74DBE800F42E88 /* Debug */,
				BB5E6E471E74DBE800F42E88 /* Release */,
			);
			defaultConfigurationIsVisible = 0;
			defaultConfigurationName = Release;
		};
		BB5E6E481E74DBE800F42E88 /* Build configuration list for PBXNativeTarget "CustomCrashHandler" */ = {
			isa = XCConfigurationList;
			buildConfigurations = (
				BB5E6E491E74DBE800F42E88 /* Debug */,
				BB5E6E4A1E74DBE800F42E88 /* Release */,
			);
			defaultConfigurationIsVisible = 0;
		};
/* End XCConfigurationList section */
	};
	rootObject = BB5E6E2E1E74DBE800F42E88 /* Project object */;
}
